
Microsoft Visual Studio Solution File, Format Version 12.00
# Visual Studio Version 16
VisualStudioVersion = 16.0.30406.217
MinimumVisualStudioVersion = 10.0.40219.1
Project("{9A19103F-16F7-4668-BE54-9A1E7A4F7556}") = "EsepteApi", "EsepteApi\EsepteApi.csproj", "{2C5D7025-C755-48D0-80DC-4C8A4A614077}"
EndProject
Project("{9A19103F-16F7-4668-BE54-9A1E7A4F7556}") = "ConsoleApp_ML_TestML.Model", "ConsoleApp_ML_TestML.Model\ConsoleApp_ML_TestML.Model.csproj", "{B98BACA0-1F18-4F20-B15E-906582CA495F}"
EndProject
Project("{9A19103F-16F7-4668-BE54-9A1E7A4F7556}") = "ConsoleApp_ML_TestML.ConsoleApp", "ConsoleApp_ML_TestML.ConsoleApp\ConsoleApp_ML_TestML.ConsoleApp.csproj", "{CB351AF3-0BCA-49A3-BFB8-8F8667B573FE}"
EndProject
Global
	GlobalSection(SolutionConfigurationPlatforms) = preSolution
		Debug|Any CPU = Debug|Any CPU
		Release|Any CPU = Release|Any CPU
	EndGlobalSection
	GlobalSection(ProjectConfigurationPlatforms) = postSolution
		{2C5D7025-C755-48D0-80DC-4C8A4A614077}.Debug|Any CPU.ActiveCfg = Debug|Any CPU
		{2C5D7025-C755-48D0-80DC-4C8A4A614077}.Debug|Any CPU.Build.0 = Debug|Any CPU
		{2C5D7025-C755-48D0-80DC-4C8A4A614077}.Release|Any CPU.ActiveCfg = Release|Any CPU
		{2C5D7025-C755-48D0-80DC-4C8A4A614077}.Release|Any CPU.Build.0 = Release|Any CPU
		{B98BACA0-1F18-4F20-B15E-906582CA495F}.Debug|Any CPU.ActiveCfg = Debug|Any CPU
		{B98BACA0-1F18-4F20-B15E-906582CA495F}.Debug|Any CPU.Build.0 = Debug|Any CPU
		{B98BACA0-1F18-4F20-B15E-906582CA495F}.Release|Any CPU.ActiveCfg = Release|Any CPU
		{B98BACA0-1F18-4F20-B15E-906582CA495F}.Release|Any CPU.Build.0 = Release|Any CPU
		{CB351AF3-0BCA-49A3-BFB8-8F8667B573FE}.Debug|Any CPU.ActiveCfg = Debug|Any CPU
		{CB351AF3-0BCA-49A3-BFB8-8F8667B573FE}.Debug|Any CPU.Build.0 = Debug|Any CPU
		{CB351AF3-0BCA-49A3-BFB8-8F8667B573FE}.Release|Any CPU.ActiveCfg = Release|Any CPU
		{CB351AF3-0BCA-49A3-BFB8-8F8667B573FE}.Release|Any CPU.Build.0 = Release|Any CPU
	EndGlobalSection
	GlobalSection(SolutionProperties) = preSolution
		HideSolutionNode = FALSE
	EndGlobalSection
	GlobalSection(ExtensibilityGlobals) = postSolution
		SolutionGuid = {37F775AD-26BB-4D2F-840A-44CEBD102CE0}
	EndGlobalSection
EndGlobal
